// !$*UTF8*$!
{
	archiveVersion = 1;
	classes = {
	};
	objectVersion = 50;
	objects = {

/* Begin PBXBuildFile section */
		2B1027A723D0386F009912B9 /* AppDelegate.m in Sources */ = {isa = PBXBuildFile; fileRef = 2B1027A623D0386F009912B9 /* AppDelegate.m */; };
		2B1027AA23D0386F009912B9 /* SceneDelegate.m in Sources */ = {isa = PBXBuildFile; fileRef = 2B1027A923D0386F009912B9 /* SceneDelegate.m */; };
		2B1027AD23D0386F009912B9 /* ViewController.m in Sources */ = {isa = PBXBuildFile; fileRef = 2B1027AC23D0386F009912B9 /* ViewController.m */; };
		2B1027B023D0386F009912B9 /* Main.storyboard in Resources */ = {isa = PBXBuildFile; fileRef = 2B1027AE23D0386F009912B9 /* Main.storyboard */; };
		2B1027B223D0386F009912B9 /* Assets.xcassets in Resources */ = {isa = PBXBuildFile; fileRef = 2B1027B123D0386F009912B9 /* Assets.xcassets */; };
		2B1027B523D0386F009912B9 /* LaunchScreen.storyboard in Resources */ = {isa = PBXBuildFile; fileRef = 2B1027B323D0386F009912B9 /* LaunchScreen.storyboard */; };
		2B1027B823D0386F009912B9 /* main.m in Sources */ = {isa = PBXBuildFile; fileRef = 2B1027B723D0386F009912B9 /* main.m */; };
		2B1027C223D0386F009912B9 /* XTCalendarViewTests.m in Sources */ = {isa = PBXBuildFile; fileRef = 2B1027C123D0386F009912B9 /* XTCalendarViewTests.m */; };
		2B1027CD23D03870009912B9 /* XTCalendarViewUITests.m in Sources */ = {isa = PBXBuildFile; fileRef = 2B1027CC23D03870009912B9 /* XTCalendarViewUITests.m */; };
		2B1027DD23D03CF4009912B9 /* XTCalendarCell.m in Sources */ = {isa = PBXBuildFile; fileRef = 2B1027DB23D03CF4009912B9 /* XTCalendarCell.m */; };
		2B1027DE23D03CF4009912B9 /* XTCalendarCell.xib in Resources */ = {isa = PBXBuildFile; fileRef = 2B1027DC23D03CF4009912B9 /* XTCalendarCell.xib */; };
		2B1027E223D04AB1009912B9 /* XTCalendar.m in Sources */ = {isa = PBXBuildFile; fileRef = 2B1027E123D04AB1009912B9 /* XTCalendar.m */; };
		2B1027E523D04D22009912B9 /* XTCalendarDataModel.m in Sources */ = {isa = PBXBuildFile; fileRef = 2B1027E423D04D22009912B9 /* XTCalendarDataModel.m */; };
		2B1027E923D1943F009912B9 /* XTCalendarHeaderView.m in Sources */ = {isa = PBXBuildFile; fileRef = 2B1027E723D1943F009912B9 /* XTCalendarHeaderView.m */; };
		2B1027EA23D1943F009912B9 /* XTCalendarHeaderView.xib in Resources */ = {isa = PBXBuildFile; fileRef = 2B1027E823D1943F009912B9 /* XTCalendarHeaderView.xib */; };
/* End PBXBuildFile section */

/* Begin PBXContainerItemProxy section */
		2B1027BE23D0386F009912B9 /* PBXContainerItemProxy */ = {
			isa = PBXContainerItemProxy;
			containerPortal = 2B10279A23D0386F009912B9 /* Project object */;
			proxyType = 1;
			remoteGlobalIDString = 2B1027A123D0386F009912B9;
			remoteInfo = XTCalendarView;
		};
		2B1027C923D03870009912B9 /* PBXContainerItemProxy */ = {
			isa = PBXContainerItemProxy;
			containerPortal = 2B10279A23D0386F009912B9 /* Project object */;
			proxyType = 1;
			remoteGlobalIDString = 2B1027A123D0386F009912B9;
			remoteInfo = XTCalendarView;
		};
/* End PBXContainerItemProxy section */

/* Begin PBXFileReference section */
		2B1027A223D0386F009912B9 /* XTCalendarView.app */ = {isa = PBXFileReference; explicitFileType = wrapper.application; includeInIndex = 0; path = XTCalendarView.app; sourceTree = BUILT_PRODUCTS_DIR; };
		2B1027A523D0386F009912B9 /* AppDelegate.h */ = {isa = PBXFileReference; lastKnownFileType = sourcecode.c.h; path = AppDelegate.h; sourceTree = "<group>"; };
		2B1027A623D0386F009912B9 /* AppDelegate.m */ = {isa = PBXFileReference; lastKnownFileType = sourcecode.c.objc; path = AppDelegate.m; sourceTree = "<group>"; };
		2B1027A823D0386F009912B9 /* SceneDelegate.h */ = {isa = PBXFileReference; lastKnownFileType = sourcecode.c.h; path = SceneDelegate.h; sourceTree = "<group>"; };
		2B1027A923D0386F009912B9 /* SceneDelegate.m */ = {isa = PBXFileReference; lastKnownFileType = sourcecode.c.objc; path = SceneDelegate.m; sourceTree = "<group>"; };
		2B1027AB23D0386F009912B9 /* ViewController.h */ = {isa = PBXFileReference; lastKnownFileType = sourcecode.c.h; path = ViewController.h; sourceTree = "<group>"; };
		2B1027AC23D0386F009912B9 /* ViewController.m */ = {isa = PBXFileReference; lastKnownFileType = sourcecode.c.objc; path = ViewController.m; sourceTree = "<group>"; };
		2B1027AF23D0386F009912B9 /* Base */ = {isa = PBXFileReference; lastKnownFileType = file.storyboard; name = Base; path = Base.lproj/Main.storyboard; sourceTree = "<group>"; };
		2B1027B123D0386F009912B9 /* Assets.xcassets */ = {isa = PBXFileReference; lastKnownFileType = folder.assetcatalog; path = Assets.xcassets; sourceTree = "<group>"; };
		2B1027B423D0386F009912B9 /* Base */ = {isa = PBXFileReference; lastKnownFileType = file.storyboard; name = Base; path = Base.lproj/LaunchScreen.storyboard; sourceTree = "<group>"; };
		2B1027B623D0386F009912B9 /* Info.plist */ = {isa = PBXFileReference; lastKnownFileType = text.plist.xml; path = Info.plist; sourceTree = "<group>"; };
		2B1027B723D0386F009912B9 /* main.m */ = {isa = PBXFileReference; lastKnownFileType = sourcecode.c.objc; path = main.m; sourceTree = "<group>"; };
		2B1027BD23D0386F009912B9 /* XTCalendarViewTests.xctest */ = {isa = PBXFileReference; explicitFileType = wrapper.cfbundle; includeInIndex = 0; path = XTCalendarViewTests.xctest; sourceTree = BUILT_PRODUCTS_DIR; };
		2B1027C123D0386F009912B9 /* XTCalendarViewTests.m */ = {isa = PBXFileReference; lastKnownFileType = sourcecode.c.objc; path = XTCalendarViewTests.m; sourceTree = "<group>"; };
		2B1027C323D0386F009912B9 /* Info.plist */ = {isa = PBXFileReference; lastKnownFileType = text.plist.xml; path = Info.plist; sourceTree = "<group>"; };
		2B1027C823D03870009912B9 /* XTCalendarViewUITests.xctest */ = {isa = PBXFileReference; explicitFileType = wrapper.cfbundle; includeInIndex = 0; path = XTCalendarViewUITests.xctest; sourceTree = BUILT_PRODUCTS_DIR; };
		2B1027CC23D03870009912B9 /* XTCalendarViewUITests.m */ = {isa = PBXFileReference; lastKnownFileType = sourcecode.c.objc; path = XTCalendarViewUITests.m; sourceTree = "<group>"; };
		2B1027CE23D03870009912B9 /* Info.plist */ = {isa = PBXFileReference; lastKnownFileType = text.plist.xml; path = Info.plist; sourceTree = "<group>"; };
		2B1027DA23D03CF4009912B9 /* XTCalendarCell.h */ = {isa = PBXFileReference; lastKnownFileType = sourcecode.c.h; path = XTCalendarCell.h; sourceTree = "<group>"; };
		2B1027DB23D03CF4009912B9 /* XTCalendarCell.m */ = {isa = PBXFileReference; lastKnownFileType = sourcecode.c.objc; path = XTCalendarCell.m; sourceTree = "<group>"; };
		2B1027DC23D03CF4009912B9 /* XTCalendarCell.xib */ = {isa = PBXFileReference; lastKnownFileType = file.xib; path = XTCalendarCell.xib; sourceTree = "<group>"; };
		2B1027E023D04AB1009912B9 /* XTCalendar.h */ = {isa = PBXFileReference; lastKnownFileType = sourcecode.c.h; path = XTCalendar.h; sourceTree = "<group>"; };
		2B1027E123D04AB1009912B9 /* XTCalendar.m */ = {isa = PBXFileReference; lastKnownFileType = sourcecode.c.objc; path = XTCalendar.m; sourceTree = "<group>"; };
		2B1027E323D04D22009912B9 /* XTCalendarDataModel.h */ = {isa = PBXFileReference; lastKnownFileType = sourcecode.c.h; path = XTCalendarDataModel.h; sourceTree = "<group>"; };
		2B1027E423D04D22009912B9 /* XTCalendarDataModel.m */ = {isa = PBXFileReference; lastKnownFileType = sourcecode.c.objc; path = XTCalendarDataModel.m; sourceTree = "<group>"; };
		2B1027E623D1943F009912B9 /* XTCalendarHeaderView.h */ = {isa = PBXFileReference; lastKnownFileType = sourcecode.c.h; path = XTCalendarHeaderView.h; sourceTree = "<group>"; };
		2B1027E723D1943F009912B9 /* XTCalendarHeaderView.m */ = {isa = PBXFileReference; lastKnownFileType = sourcecode.c.objc; path = XTCalendarHeaderView.m; sourceTree = "<group>"; };
		2B1027E823D1943F009912B9 /* XTCalendarHeaderView.xib */ = {isa = PBXFileReference; lastKnownFileType = file.xib; path = XTCalendarHeaderView.xib; sourceTree = "<group>"; };
/* End PBXFileReference section */

/* Begin PBXFrameworksBuildPhase section */
		2B10279F23D0386F009912B9 /* Frameworks */ = {
			isa = PBXFrameworksBuildPhase;
			buildActionMask = 2147483647;
			files = (
			);
			runOnlyForDeploymentPostprocessing = 0;
		};
		2B1027BA23D0386F009912B9 /* Frameworks */ = {
			isa = PBXFrameworksBuildPhase;
			buildActionMask = 2147483647;
			files = (
			);
			runOnlyForDeploymentPostprocessing = 0;
		};
		2B1027C523D03870009912B9 /* Frameworks */ = {
			isa = PBXFrameworksBuildPhase;
			buildActionMask = 2147483647;
			files = (
			);
			runOnlyForDeploymentPostprocessing = 0;
		};
/* End PBXFrameworksBuildPhase section */

/* Begin PBXGroup section */
		2B10279923D0386F009912B9 = {
			isa = PBXGroup;
			children = (
				2B1027A423D0386F009912B9 /* XTCalendarView */,
				2B1027C023D0386F009912B9 /* XTCalendarViewTests */,
				2B1027CB23D03870009912B9 /* XTCalendarViewUITests */,
				2B1027A323D0386F009912B9 /* Products */,
			);
			sourceTree = "<group>";
		};
		2B1027A323D0386F009912B9 /* Products */ = {
			isa = PBXGroup;
			children = (
				2B1027A223D0386F009912B9 /* XTCalendarView.app */,
				2B1027BD23D0386F009912B9 /* XTCalendarViewTests.xctest */,
				2B1027C823D03870009912B9 /* XTCalendarViewUITests.xctest */,
			);
			name = Products;
			sourceTree = "<group>";
		};
		2B1027A423D0386F009912B9 /* XTCalendarView */ = {
			isa = PBXGroup;
			children = (
				2B1027DF23D04A6F009912B9 /* XTCalendar */,
				2B1027A523D0386F009912B9 /* AppDelegate.h */,
				2B1027A623D0386F009912B9 /* AppDelegate.m */,
				2B1027A823D0386F009912B9 /* SceneDelegate.h */,
				2B1027A923D0386F009912B9 /* SceneDelegate.m */,
				2B1027AB23D0386F009912B9 /* ViewController.h */,
				2B1027AC23D0386F009912B9 /* ViewController.m */,
				2B1027AE23D0386F009912B9 /* Main.storyboard */,
				2B1027DA23D03CF4009912B9 /* XTCalendarCell.h */,
				2B1027DB23D03CF4009912B9 /* XTCalendarCell.m */,
				2B1027DC23D03CF4009912B9 /* XTCalendarCell.xib */,
				2B1027E623D1943F009912B9 /* XTCalendarHeaderView.h */,
				2B1027E723D1943F009912B9 /* XTCalendarHeaderView.m */,
				2B1027E823D1943F009912B9 /* XTCalendarHeaderView.xib */,
				2B1027B123D0386F009912B9 /* Assets.xcassets */,
				2B1027B323D0386F009912B9 /* LaunchScreen.storyboard */,
				2B1027B623D0386F009912B9 /* Info.plist */,
				2B1027B723D0386F009912B9 /* main.m */,
			);
			path = XTCalendarView;
			sourceTree = "<group>";
		};
		2B1027C023D0386F009912B9 /* XTCalendarViewTests */ = {
			isa = PBXGroup;
			children = (
				2B1027C123D0386F009912B9 /* XTCalendarViewTests.m */,
				2B1027C323D0386F009912B9 /* Info.plist */,
			);
			path = XTCalendarViewTests;
			sourceTree = "<group>";
		};
		2B1027CB23D03870009912B9 /* XTCalendarViewUITests */ = {
			isa = PBXGroup;
			children = (
				2B1027CC23D03870009912B9 /* XTCalendarViewUITests.m */,
				2B1027CE23D03870009912B9 /* Info.plist */,
			);
			path = XTCalendarViewUITests;
			sourceTree = "<group>";
		};
		2B1027DF23D04A6F009912B9 /* XTCalendar */ = {
			isa = PBXGroup;
			children = (
				2B1027E023D04AB1009912B9 /* XTCalendar.h */,
				2B1027E123D04AB1009912B9 /* XTCalendar.m */,
				2B1027E323D04D22009912B9 /* XTCalendarDataModel.h */,
				2B1027E423D04D22009912B9 /* XTCalendarDataModel.m */,
			);
			path = XTCalendar;
			sourceTree = "<group>";
		};
/* End PBXGroup section */

/* Begin PBXNativeTarget section */
		2B1027A123D0386F009912B9 /* XTCalendarView */ = {
			isa = PBXNativeTarget;
			buildConfigurationList = 2B1027D123D03870009912B9 /* Build configuration list for PBXNativeTarget "XTCalendarView" */;
			buildPhases = (
				2B10279E23D0386F009912B9 /* Sources */,
				2B10279F23D0386F009912B9 /* Frameworks */,
				2B1027A023D0386F009912B9 /* Resources */,
			);
			buildRules = (
			);
			dependencies = (
			);
			name = XTCalendarView;
			productName = XTCalendarView;
			productReference = 2B1027A223D0386F009912B9 /* XTCalendarView.app */;
			productType = "com.apple.product-type.application";
		};
		2B1027BC23D0386F009912B9 /* XTCalendarViewTests */ = {
			isa = PBXNativeTarget;
			buildConfigurationList = 2B1027D423D03870009912B9 /* Build configuration list for PBXNativeTarget "XTCalendarViewTests" */;
			buildPhases = (
				2B1027B923D0386F009912B9 /* Sources */,
				2B1027BA23D0386F009912B9 /* Frameworks */,
				2B1027BB23D0386F009912B9 /* Resources */,
			);
			buildRules = (
			);
			dependencies = (
				2B1027BF23D0386F009912B9 /* PBXTargetDependency */,
			);
			name = XTCalendarViewTests;
			productName = XTCalendarViewTests;
			productReference = 2B1027BD23D0386F009912B9 /* XTCalendarViewTests.xctest */;
			productType = "com.apple.product-type.bundle.unit-test";
		};
		2B1027C723D03870009912B9 /* XTCalendarViewUITests */ = {
			isa = PBXNativeTarget;
			buildConfigurationList = 2B1027D723D03870009912B9 /* Build configuration list for PBXNativeTarget "XTCalendarViewUITests" */;
			buildPhases = (
				2B1027C423D03870009912B9 /* Sources */,
				2B1027C523D03870009912B9 /* Frameworks */,
				2B1027C623D03870009912B9 /* Resources */,
			);
			buildRules = (
			);
			dependencies = (
				2B1027CA23D03870009912B9 /* PBXTargetDependency */,
			);
			name = XTCalendarViewUITests;
			productName = XTCalendarViewUITests;
			productReference = 2B1027C823D03870009912B9 /* XTCalendarViewUITests.xctest */;
			productType = "com.apple.product-type.bundle.ui-testing";
		};
/* End PBXNativeTarget section */

/* Begin PBXProject section */
		2B10279A23D0386F009912B9 /* Project object */ = {
			isa = PBXProject;
			attributes = {
				LastUpgradeCheck = 1120;
				ORGANIZATIONNAME = Tao.Xie;
				TargetAttributes = {
					2B1027A123D0386F009912B9 = {
						CreatedOnToolsVersion = 11.2.1;
					};
					2B1027BC23D0386F009912B9 = {
						CreatedOnToolsVersion = 11.2.1;
						TestTargetID = 2B1027A123D0386F009912B9;
					};
					2B1027C723D03870009912B9 = {
						CreatedOnToolsVersion = 11.2.1;
						TestTargetID = 2B1027A123D0386F009912B9;
					};
				};
			};
			buildConfigurationList = 2B10279D23D0386F009912B9 /* Build configuration list for PBXProject "XTCalendarView" */;
			compatibilityVersion = "Xcode 9.3";
			developmentRegion = en;
			hasScannedForEncodings = 0;
			knownRegions = (
				en,
				Base,
			);
			mainGroup = 2B10279923D0386F009912B9;
			productRefGroup = 2B1027A323D0386F009912B9 /* Products */;
			projectDirPath = "";
			projectRoot = "";
			targets = (
				2B1027A123D0386F009912B9 /* XTCalendarView */,
				2B1027BC23D0386F009912B9 /* XTCalendarViewTests */,
				2B1027C723D03870009912B9 /* XTCalendarViewUITests */,
			);
		};
/* End PBXProject section */

/* Begin PBXResourcesBuildPhase section */
		2B1027A023D0386F009912B9 /* Resources */ = {
			isa = PBXResourcesBuildPhase;
			buildActionMask = 2147483647;
			files = (
				2B1027B523D0386F009912B9 /* LaunchScreen.storyboard in Resources */,
				2B1027DE23D03CF4009912B9 /* XTCalendarCell.xib in Resources */,
				2B1027B223D0386F009912B9 /* Assets.xcassets in Resources */,
				2B1027B023D0386F009912B9 /* Main.storyboard in Resources */,
				2B1027EA23D1943F009912B9 /* XTCalendarHeaderView.xib in Resources */,
			);
			runOnlyForDeploymentPostprocessing = 0;
		};
		2B1027BB23D0386F009912B9 /* Resources */ = {
			isa = PBXResourcesBuildPhase;
			buildActionMask = 2147483647;
			files = (
			);
			runOnlyForDeploymentPostprocessing = 0;
		};
		2B1027C623D03870009912B9 /* Resources */ = {
			isa = PBXResourcesBuildPhase;
			buildActionMask = 2147483647;
			files = (
			);
			runOnlyForDeploymentPostprocessing = 0;
		};
/* End PBXResourcesBuildPhase section */

/* Begin PBXSourcesBuildPhase section */
		2B10279E23D0386F009912B9 /* Sources */ = {
			isa = PBXSourcesBuildPhase;
			buildActionMask = 2147483647;
			files = (
				2B1027AD23D0386F009912B9 /* ViewController.m in Sources */,
				2B1027E223D04AB1009912B9 /* XTCalendar.m in Sources */,
				2B1027E523D04D22009912B9 /* XTCalendarDataModel.m in Sources */,
				2B1027E923D1943F009912B9 /* XTCalendarHeaderView.m in Sources */,
				2B1027A723D0386F009912B9 /* AppDelegate.m in Sources */,
				2B1027B823D0386F009912B9 /* main.m in Sources */,
				2B1027AA23D0386F009912B9 /* SceneDelegate.m in Sources */,
				2B1027DD23D03CF4009912B9 /* XTCalendarCell.m in Sources */,
			);
			runOnlyForDeploymentPostprocessing = 0;
		};
		2B1027B923D0386F009912B9 /* Sources */ = {
			isa = PBXSourcesBuildPhase;
			buildActionMask = 2147483647;
			files = (
				2B1027C223D0386F009912B9 /* XTCalendarViewTests.m in Sources */,
			);
			runOnlyForDeploymentPostprocessing = 0;
		};
		2B1027C423D03870009912B9 /* Sources */ = {
			isa = PBXSourcesBuildPhase;
			buildActionMask = 2147483647;
			files = (
				2B1027CD23D03870009912B9 /* XTCalendarViewUITests.m in Sources */,
			);
			runOnlyForDeploymentPostprocessing = 0;
		};
/* End PBXSourcesBuildPhase section */

/* Begin PBXTargetDependency section */
		2B1027BF23D0386F009912B9 /* PBXTargetDependency */ = {
			isa = PBXTargetDependency;
			target = 2B1027A123D0386F009912B9 /* XTCalendarView */;
			targetProxy = 2B1027BE23D0386F009912B9 /* PBXContainerItemProxy */;
		};
		2B1027CA23D03870009912B9 /* PBXTargetDependency */ = {
			isa = PBXTargetDependency;
			target = 2B1027A123D0386F009912B9 /* XTCalendarView */;
			targetProxy = 2B1027C923D03870009912B9 /* PBXContainerItemProxy */;
		};
/* End PBXTargetDependency section */

/* Begin PBXVariantGroup section */
		2B1027AE23D0386F009912B9 /* Main.storyboard */ = {
			isa = PBXVariantGroup;
			children = (
				2B1027AF23D0386F009912B9 /* Base */,
			);
			name = Main.storyboard;
			sourceTree = "<group>";
		};
		2B1027B323D0386F009912B9 /* LaunchScreen.storyboard */ = {
			isa = PBXVariantGroup;
			children = (
				2B1027B423D0386F009912B9 /* Base */,
			);
			name = LaunchScreen.storyboard;
			sourceTree = "<group>";
		};
/* End PBXVariantGroup section */

/* Begin XCBuildConfiguration section */
		2B1027CF23D03870009912B9 /* Debug */ = {
			isa = XCBuildConfiguration;
			buildSettings = {
				ALWAYS_SEARCH_USER_PATHS = NO;
				CLANG_ANALYZER_NONNULL = YES;
				CLANG_ANALYZER_NUMBER_OBJECT_CONVERSION = YES_AGGRESSIVE;
				CLANG_CXX_LANGUAGE_STANDARD = "gnu++14";
				CLANG_CXX_LIBRARY = "libc++";
				CLANG_ENABLE_MODULES = YES;
				CLANG_ENABLE_OBJC_ARC = YES;
				CLANG_ENABLE_OBJC_WEAK = YES;
				CLANG_WARN_BLOCK_CAPTURE_AUTORELEASING = YES;
				CLANG_WARN_BOOL_CONVERSION = YES;
				CLANG_WARN_COMMA = YES;
				CLANG_WARN_CONSTANT_CONVERSION = YES;
				CLANG_WARN_DEPRECATED_OBJC_IMPLEMENTATIONS = YES;
				CLANG_WARN_DIRECT_OBJC_ISA_USAGE = YES_ERROR;
				CLANG_WARN_DOCUMENTATION_COMMENTS = YES;
				CLANG_WARN_EMPTY_BODY = YES;
				CLANG_WARN_ENUM_CONVERSION = YES;
				CLANG_WARN_INFINITE_RECURSION = YES;
				CLANG_WARN_INT_CONVERSION = YES;
				CLANG_WARN_NON_LITERAL_NULL_CONVERSION = YES;
				CLANG_WARN_OBJC_IMPLICIT_RETAIN_SELF = YES;
				CLANG_WARN_OBJC_LITERAL_CONVERSION = YES;
				CLANG_WARN_OBJC_ROOT_CLASS = YES_ERROR;
				CLANG_WARN_RANGE_LOOP_ANALYSIS = YES;
				CLANG_WARN_STRICT_PROTOTYPES = YES;
				CLANG_WARN_SUSPICIOUS_MOVE = YES;
				CLANG_WARN_UNGUARDED_AVAILABILITY = YES_AGGRESSIVE;
				CLANG_WARN_UNREACHABLE_CODE = YES;
				CLANG_WARN__DUPLICATE_METHOD_MATCH = YES;
				COPY_PHASE_STRIP = NO;
				DEBUG_INFORMATION_FORMAT = dwarf;
				ENABLE_STRICT_OBJC_MSGSEND = YES;
				ENABLE_TESTABILITY = YES;
				GCC_C_LANGUAGE_STANDARD = gnu11;
				GCC_DYNAMIC_NO_PIC = NO;
				GCC_NO_COMMON_BLOCKS = YES;
				GCC_OPTIMIZATION_LEVEL = 0;
				GCC_PREPROCESSOR_DEFINITIONS = (
					"DEBUG=1",
					"$(inherited)",
				);
				GCC_WARN_64_TO_32_BIT_CONVERSION = YES;
				GCC_WARN_ABOUT_RETURN_TYPE = YES_ERROR;
				GCC_WARN_UNDECLARED_SELECTOR = YES;
				GCC_WARN_UNINITIALIZED_AUTOS = YES_AGGRESSIVE;
				GCC_WARN_UNUSED_FUNCTION = YES;
				GCC_WARN_UNUSED_VARIABLE = YES;
				IPHONEOS_DEPLOYMENT_TARGET = 13.2;
				MTL_ENABLE_DEBUG_INFO = INCLUDE_SOURCE;
				MTL_FAST_MATH = YES;
				ONLY_ACTIVE_ARCH = YES;
				SDKROOT = iphoneos;
			};
			name = Debug;
		};
		2B1027D023D03870009912B9 /* Release */ = {
			isa = XCBuildConfiguration;
			buildSettings = {
				ALWAYS_SEARCH_USER_PATHS = NO;
				CLANG_ANALYZER_NONNULL = YES;
				CLANG_ANALYZER_NUMBER_OBJECT_CONVERSION = YES_AGGRESSIVE;
				CLANG_CXX_LANGUAGE_STANDARD = "gnu++14";
				CLANG_CXX_LIBRARY = "libc++";
				CLANG_ENABLE_MODULES = YES;
				CLANG_ENABLE_OBJC_ARC = YES;
				CLANG_ENABLE_OBJC_WEAK = YES;
				CLANG_WARN_BLOCK_CAPTURE_AUTORELEASING = YES;
				CLANG_WARN_BOOL_CONVERSION = YES;
				CLANG_WARN_COMMA = YES;
				CLANG_WARN_CONSTANT_CONVERSION = YES;
				CLANG_WARN_DEPRECATED_OBJC_IMPLEMENTATIONS = YES;
				CLANG_WARN_DIRECT_OBJC_ISA_USAGE = YES_ERROR;
				CLANG_WARN_DOCUMENTATION_COMMENTS = YES;
				CLANG_WARN_EMPTY_BODY = YES;
				CLANG_WARN_ENUM_CONVERSION = YES;
				CLANG_WARN_INFINITE_RECURSION = YES;
				CLANG_WARN_INT_CONVERSION = YES;
				CLANG_WARN_NON_LITERAL_NULL_CONVERSION = YES;
				CLANG_WARN_OBJC_IMPLICIT_RETAIN_SELF = YES;
				CLANG_WARN_OBJC_LITERAL_CONVERSION = YES;
				CLANG_WARN_OBJC_ROOT_CLASS = YES_ERROR;
				CLANG_WARN_RANGE_LOOP_ANALYSIS = YES;
				CLANG_WARN_STRICT_PROTOTYPES = YES;
				CLANG_WARN_SUSPICIOUS_MOVE = YES;
				CLANG_WARN_UNGUARDED_AVAILABILITY = YES_AGGRESSIVE;
				CLANG_WARN_UNREACHABLE_CODE = YES;
				CLANG_WARN__DUPLICATE_METHOD_MATCH = YES;
				COPY_PHASE_STRIP = NO;
				DEBUG_INFORMATION_FORMAT = "dwarf-with-dsym";
				ENABLE_NS_ASSERTIONS = NO;
				ENABLE_STRICT_OBJC_MSGSEND = YES;
				GCC_C_LANGUAGE_STANDARD = gnu11;
				GCC_NO_COMMON_BLOCKS = YES;
				GCC_WARN_64_TO_32_BIT_CONVERSION = YES;
				GCC_WARN_ABOUT_RETURN_TYPE = YES_ERROR;
				GCC_WARN_UNDECLARED_SELECTOR = YES;
				GCC_WARN_UNINITIALIZED_AUTOS = YES_AGGRESSIVE;
				GCC_WARN_UNUSED_FUNCTION = YES;
				GCC_WARN_UNUSED_VARIABLE = YES;
				IPHONEOS_DEPLOYMENT_TARGET = 13.2;
				MTL_ENABLE_DEBUG_INFO = NO;
				MTL_FAST_MATH = YES;
				SDKROOT = iphoneos;
				VALIDATE_PRODUCT = YES;
			};
			name = Release;
		};
		2B1027D223D03870009912B9 /* Debug */ = {
			isa = XCBuildConfiguration;
			buildSettings = {
				ASSETCATALOG_COMPILER_APPICON_NAME = AppIcon;
				CODE_SIGN_STYLE = Automatic;
				DEVELOPMENT_TEAM = CVQ4KC2R64;
				INFOPLIST_FILE = XTCalendarView/Info.plist;
				LD_RUNPATH_SEARCH_PATHS = (
					"$(inherited)",
					"@executable_path/Frameworks",
				);
				PRODUCT_BUNDLE_IDENTIFIER = "com.xietao3.iOS-Demo.XTCalendarView";
				PRODUCT_NAME = "$(TARGET_NAME)";
				TARGETED_DEVICE_FAMILY = "1,2";
			};
			name = Debug;
		};
		2B1027D323D03870009912B9 /* Release */ = {
			isa = XCBuildConfiguration;
			buildSettings = {
				ASSETCATALOG_COMPILER_APPICON_NAME = AppIcon;
				CODE_SIGN_STYLE = Automatic;
				DEVELOPMENT_TEAM = CVQ4KC2R64;
				INFOPLIST_FILE = XTCalendarView/Info.plist;
				LD_RUNPATH_SEARCH_PATHS = (
					"$(inherited)",
					"@executable_path/Frameworks",
				);
				PRODUCT_BUNDLE_IDENTIFIER = "com.xietao3.iOS-Demo.XTCalendarView";
				PRODUCT_NAME = "$(TARGET_NAME)";
				TARGETED_DEVICE_FAMILY = "1,2";
			};
			name = Release;
		};
		2B1027D523D03870009912B9 /* Debug */ = {
			isa = XCBuildConfiguration;
			buildSettings = {
				BUNDLE_LOADER = "$(TEST_HOST)";
				CODE_SIGN_STYLE = Automatic;
				DEVELOPMENT_TEAM = CVQ4KC2R64;
				INFOPLIST_FILE = XTCalendarViewTests/Info.plist;
				IPHONEOS_DEPLOYMENT_TARGET = 13.2;
				LD_RUNPATH_SEARCH_PATHS = (
					"$(inherited)",
					"@executable_path/Frameworks",
					"@loader_path/Frameworks",
				);
				PRODUCT_BUNDLE_IDENTIFIER = "com.xietao3.iOS-Demo.XTCalendarViewTests";
				PRODUCT_NAME = "$(TARGET_NAME)";
				TARGETED_DEVICE_FAMILY = "1,2";
				TEST_HOST = "$(BUILT_PRODUCTS_DIR)/XTCalendarView.app/XTCalendarView";
			};
			name = Debug;
		};
		2B1027D623D03870009912B9 /* Release */ = {
			isa = XCBuildConfiguration;
			buildSettings = {
				BUNDLE_LOADER = "$(TEST_HOST)";
				CODE_SIGN_STYLE = Automatic;
				DEVELOPMENT_TEAM = CVQ4KC2R64;
				INFOPLIST_FILE = XTCalendarViewTests/Info.plist;
				IPHONEOS_DEPLOYMENT_TARGET = 13.2;
				LD_RUNPATH_SEARCH_PATHS = (
					"$(inherited)",
					"@executable_path/Frameworks",
					"@loader_path/Frameworks",
				);
				PRODUCT_BUNDLE_IDENTIFIER = "com.xietao3.iOS-Demo.XTCalendarViewTests";
				PRODUCT_NAME = "$(TARGET_NAME)";
				TARGETED_DEVICE_FAMILY = "1,2";
				TEST_HOST = "$(BUILT_PRODUCTS_DIR)/XTCalendarView.app/XTCalendarView";
			};
			name = Release;
		};
		2B1027D823D03870009912B9 /* Debug */ = {
			isa = XCBuildConfiguration;
			buildSettings = {
				CODE_SIGN_STYLE = Automatic;
				DEVELOPMENT_TEAM = CVQ4KC2R64;
				INFOPLIST_FILE = XTCalendarViewUITests/Info.plist;
				LD_RUNPATH_SEARCH_PATHS = (
					"$(inherited)",
					"@executable_path/Frameworks",
					"@loader_path/Frameworks",
				);
				PRODUCT_BUNDLE_IDENTIFIER = "com.xietao3.iOS-Demo.XTCalendarViewUITests";
				PRODUCT_NAME = "$(TARGET_NAME)";
				TARGETED_DEVICE_FAMILY = "1,2";
				TEST_TARGET_NAME = XTCalendarView;
			};
			name = Debug;
		};
		2B1027D923D03870009912B9 /* Release */ = {
			isa = XCBuildConfiguration;
			buildSettings = {
				CODE_SIGN_STYLE = Automatic;
				DEVELOPMENT_TEAM = CVQ4KC2R64;
				INFOPLIST_FILE = XTCalendarViewUITests/Info.plist;
				LD_RUNPATH_SEARCH_PATHS = (
					"$(inherited)",
					"@executable_path/Frameworks",
					"@loader_path/Frameworks",
				);
				PRODUCT_BUNDLE_IDENTIFIER = "com.xietao3.iOS-Demo.XTCalendarViewUITests";
				PRODUCT_NAME = "$(TARGET_NAME)";
				TARGETED_DEVICE_FAMILY = "1,2";
				TEST_TARGET_NAME = XTCalendarView;
			};
			name = Release;
		};
/* End XCBuildConfiguration section */

/* Begin XCConfigurationList section */
		2B10279D23D0386F009912B9 /* Build configuration list for PBXProject "XTCalendarView" */ = {
			isa = XCConfigurationList;
			buildConfigurations = (
				2B1027CF23D03870009912B9 /* Debug */,
				2B1027D023D03870009912B9 /* Release */,
			);
			defaultConfigurationIsVisible = 0;
			defaultConfigurationName = Release;
		};
		2B1027D123D03870009912B9 /* Build configuration list for PBXNativeTarget "XTCalendarView" */ = {
			isa = XCConfigurationList;
			buildConfigurations = (
				2B1027D223D03870009912B9 /* Debug */,
				2B1027D323D03870009912B9 /* Release */,
			);
			defaultConfigurationIsVisible = 0;
			defaultConfigurationName = Release;
		};
		2B1027D423D03870009912B9 /* Build configuration list for PBXNativeTarget "XTCalendarViewTests" */ = {
			isa = XCConfigurationList;
			buildConfigurations = (
				2B1027D523D03870009912B9 /* Debug */,
				2B1027D623D03870009912B9 /* Release */,
			);
			defaultConfigurationIsVisible = 0;
			defaultConfigurationName = Release;
		};
		2B1027D723D03870009912B9 /* Build configuration list for PBXNativeTarget "XTCalendarViewUITests" */ = {
			isa = XCConfigurationList;
			buildConfigurations = (
				2B1027D823D03870009912B9 /* Debug */,
				2B1027D923D03870009912B9 /* Release */,
			);
			defaultConfigurationIsVisible = 0;
			defaultConfigurationName = Release;
		};
/* End XCConfigurationList section */
	};
	rootObject = 2B10279A23D0386F009912B9 /* Project object */;
}
